
Microsoft Visual Studio Solution File, Format Version 12.00
# Visual Studio Version 16
VisualStudioVersion = 16.0.30907.101
MinimumVisualStudioVersion = 10.0.40219.1
Project("{FAE04EC0-301F-11D3-BF4B-00C04F79EFBC}") = "SolarSystem.Android", "SolarSystem.Android\SolarSystem.Android.csproj", "{5BD1D2F4-0423-4C4B-AEF0-3CF8A363CD08}"
EndProject
Project("{FAE04EC0-301F-11D3-BF4B-00C04F79EFBC}") = "SolarSystem.iOS", "SolarSystem.iOS\SolarSystem.iOS.csproj", "{50237352-7857-42C9-A473-62E2247AF513}"
EndProject
Project("{FAE04EC0-301F-11D3-BF4B-00C04F79EFBC}") = "SolarSystem", "SolarSystem\SolarSystem.csproj", "{AFA6EC2A-AE01-4B6E-A431-637398B2624A}"
EndProject
Global
	GlobalSection(SolutionConfigurationPlatforms) = preSolution
		Debug|Any CPU = Debug|Any CPU
		Debug|iPhone = Debug|iPhone
		Debug|iPhoneSimulator = Debug|iPhoneSimulator
		Release|Any CPU = Release|Any CPU
		Release|iPhone = Release|iPhone
		Release|iPhoneSimulator = Release|iPhoneSimulator
	EndGlobalSection
	GlobalSection(ProjectConfigurationPlatforms) = postSolution
		{5BD1D2F4-0423-4C4B-AEF0-3CF8A363CD08}.Debug|Any CPU.ActiveCfg = Debug|Any CPU
		{5BD1D2F4-0423-4C4B-AEF0-3CF8A363CD08}.Debug|Any CPU.Build.0 = Debug|Any CPU
		{5BD1D2F4-0423-4C4B-AEF0-3CF8A363CD08}.Debug|Any CPU.Deploy.0 = Debug|Any CPU
		{5BD1D2F4-0423-4C4B-AEF0-3CF8A363CD08}.Debug|iPhone.ActiveCfg = Debug|Any CPU
		{5BD1D2F4-0423-4C4B-AEF0-3CF8A363CD08}.Debug|iPhone.Build.0 = Debug|Any CPU
		{5BD1D2F4-0423-4C4B-AEF0-3CF8A363CD08}.Debug|iPhone.Deploy.0 = Debug|Any CPU
		{5BD1D2F4-0423-4C4B-AEF0-3CF8A363CD08}.Debug|iPhoneSimulator.ActiveCfg = Debug|Any CPU
		{5BD1D2F4-0423-4C4B-AEF0-3CF8A363CD08}.Debug|iPhoneSimulator.Build.0 = Debug|Any CPU
		{5BD1D2F4-0423-4C4B-AEF0-3CF8A363CD08}.Debug|iPhoneSimulator.Deploy.0 = Debug|Any CPU
		{5BD1D2F4-0423-4C4B-AEF0-3CF8A363CD08}.Release|Any CPU.ActiveCfg = Release|Any CPU
		{5BD1D2F4-0423-4C4B-AEF0-3CF8A363CD08}.Release|Any CPU.Build.0 = Release|Any CPU
		{5BD1D2F4-0423-4C4B-AEF0-3CF8A363CD08}.Release|Any CPU.Deploy.0 = Release|Any CPU
		{5BD1D2F4-0423-4C4B-AEF0-3CF8A363CD08}.Release|iPhone.ActiveCfg = Release|Any CPU
		{5BD1D2F4-0423-4C4B-AEF0-3CF8A363CD08}.Release|iPhone.Build.0 = Release|Any CPU
		{5BD1D2F4-0423-4C4B-AEF0-3CF8A363CD08}.Release|iPhone.Deploy.0 = Release|Any CPU
		{5BD1D2F4-0423-4C4B-AEF0-3CF8A363CD08}.Release|iPhoneSimulator.ActiveCfg = Release|Any CPU
		{5BD1D2F4-0423-4C4B-AEF0-3CF8A363CD08}.Release|iPhoneSimulator.Build.0 = Release|Any CPU
		{5BD1D2F4-0423-4C4B-AEF0-3CF8A363CD08}.Release|iPhoneSimulator.Deploy.0 = Release|Any CPU
		{50237352-7857-42C9-A473-62E2247AF513}.Debug|Any CPU.ActiveCfg = Debug|iPhone
		{50237352-7857-42C9-A473-62E2247AF513}.Debug|Any CPU.Build.0 = Debug|iPhone
		{50237352-7857-42C9-A473-62E2247AF513}.Debug|Any CPU.Deploy.0 = Debug|iPhone
		{50237352-7857-42C9-A473-62E2247AF513}.Debug|iPhone.ActiveCfg = Debug|iPhone
		{50237352-7857-42C9-A473-62E2247AF513}.Debug|iPhone.Build.0 = Debug|iPhone
		{50237352-7857-42C9-A473-62E2247AF513}.Debug|iPhone.Deploy.0 = Debug|iPhone
		{50237352-7857-42C9-A473-62E2247AF513}.Debug|iPhoneSimulator.ActiveCfg = Debug|iPhoneSimulator
		{50237352-7857-42C9-A473-62E2247AF513}.Debug|iPhoneSimulator.Build.0 = Debug|iPhoneSimulator
		{50237352-7857-42C9-A473-62E2247AF513}.Debug|iPhoneSimulator.Deploy.0 = Debug|iPhoneSimulator
		{50237352-7857-42C9-A473-62E2247AF513}.Release|Any CPU.ActiveCfg = Release|iPhoneSimulator
		{50237352-7857-42C9-A473-62E2247AF513}.Release|Any CPU.Build.0 = Release|iPhoneSimulator
		{50237352-7857-42C9-A473-62E2247AF513}.Release|Any CPU.Deploy.0 = Release|iPhoneSimulator
		{50237352-7857-42C9-A473-62E2247AF513}.Release|iPhone.ActiveCfg = Release|iPhone
		{50237352-7857-42C9-A473-62E2247AF513}.Release|iPhone.Build.0 = Release|iPhone
		{50237352-7857-42C9-A473-62E2247AF513}.Release|iPhone.Deploy.0 = Release|iPhone
		{50237352-7857-42C9-A473-62E2247AF513}.Release|iPhoneSimulator.ActiveCfg = Release|iPhoneSimulator
		{50237352-7857-42C9-A473-62E2247AF513}.Release|iPhoneSimulator.Build.0 = Release|iPhoneSimulator
		{50237352-7857-42C9-A473-62E2247AF513}.Release|iPhoneSimulator.Deploy.0 = Release|iPhoneSimulator
		{AFA6EC2A-AE01-4B6E-A431-637398B2624A}.Debug|Any CPU.ActiveCfg = Debug|Any CPU
		{AFA6EC2A-AE01-4B6E-A431-637398B2624A}.Debug|Any CPU.Build.0 = Debug|Any CPU
		{AFA6EC2A-AE01-4B6E-A431-637398B2624A}.Debug|Any CPU.Deploy.0 = Debug|Any CPU
		{AFA6EC2A-AE01-4B6E-A431-637398B2624A}.Debug|iPhone.ActiveCfg = Debug|Any CPU
		{AFA6EC2A-AE01-4B6E-A431-637398B2624A}.Debug|iPhone.Build.0 = Debug|Any CPU
		{AFA6EC2A-AE01-4B6E-A431-637398B2624A}.Debug|iPhone.Deploy.0 = Debug|Any CPU
		{AFA6EC2A-AE01-4B6E-A431-637398B2624A}.Debug|iPhoneSimulator.ActiveCfg = Debug|Any CPU
		{AFA6EC2A-AE01-4B6E-A431-637398B2624A}.Debug|iPhoneSimulator.Build.0 = Debug|Any CPU
		{AFA6EC2A-AE01-4B6E-A431-637398B2624A}.Debug|iPhoneSimulator.Deploy.0 = Debug|Any CPU
		{AFA6EC2A-AE01-4B6E-A431-637398B2624A}.Release|Any CPU.ActiveCfg = Release|Any CPU
		{AFA6EC2A-AE01-4B6E-A431-637398B2624A}.Release|Any CPU.Build.0 = Release|Any CPU
		{AFA6EC2A-AE01-4B6E-A431-637398B2624A}.Release|Any CPU.Deploy.0 = Release|Any CPU
		{AFA6EC2A-AE01-4B6E-A431-637398B2624A}.Release|iPhone.ActiveCfg = Release|Any CPU
		{AFA6EC2A-AE01-4B6E-A431-637398B2624A}.Release|iPhone.Build.0 = Release|Any CPU
		{AFA6EC2A-AE01-4B6E-A431-637398B2624A}.Release|iPhone.Deploy.0 = Release|Any CPU
		{AFA6EC2A-AE01-4B6E-A431-637398B2624A}.Release|iPhoneSimulator.ActiveCfg = Release|Any CPU
		{AFA6EC2A-AE01-4B6E-A431-637398B2624A}.Release|iPhoneSimulator.Build.0 = Release|Any CPU
		{AFA6EC2A-AE01-4B6E-A431-637398B2624A}.Release|iPhoneSimulator.Deploy.0 = Release|Any CPU
	EndGlobalSection
	GlobalSection(SolutionProperties) = preSolution
		HideSolutionNode = FALSE
	EndGlobalSection
	GlobalSection(ExtensibilityGlobals) = postSolution
		SolutionGuid = {6646EC96-A3BD-48C6-B597-FC7BF3318302}
	EndGlobalSection
EndGlobal
